
Microsoft Visual Studio Solution File, Format Version 12.00
# Visual Studio Version 17
VisualStudioVersion = 17.13.35825.156 d17.13
MinimumVisualStudioVersion = 10.0.40219.1
Project("{FAE04EC0-301F-11D3-BF4B-00C04F79EFBC}") = "DesktopHelper", "DesktopHelper\DesktopHelper.csproj", "{4D79E320-42B9-4972-8F06-204F63E62BB7}"
EndProject
Global
	GlobalSection(SolutionConfigurationPlatforms) = preSolution
		Debug|Any CPU = Debug|Any CPU
		Release|Any CPU = Release|Any CPU
	EndGlobalSection
	GlobalSection(ProjectConfigurationPlatforms) = postSolution
		{4D79E320-42B9-4972-8F06-204F63E62BB7}.Debug|Any CPU.ActiveCfg = Debug|Any CPU
		{4D79E320-42B9-4972-8F06-204F63E62BB7}.Debug|Any CPU.Build.0 = Debug|Any CPU
		{4D79E320-42B9-4972-8F06-204F63E62BB7}.Release|Any CPU.ActiveCfg = Release|Any CPU
		{4D79E320-42B9-4972-8F06-204F63E62BB7}.Release|Any CPU.Build.0 = Release|Any CPU
	EndGlobalSection
	GlobalSection(SolutionProperties) = preSolution
		HideSolutionNode = FALSE
	EndGlobalSection
	GlobalSection(ExtensibilityGlobals) = postSolution
		SolutionGuid = {2525A9B1-7E3B-4B0D-8531-859735DACA37}
	EndGlobalSection
EndGlobal
